
Microsoft Visual Studio Solution File, Format Version 12.00
# Visual Studio Version 17
VisualStudioVersion = 17.5.001.0
MinimumVisualStudioVersion = 10.0.40219.1
Project("{9A19103F-16F7-4668-BE54-9A1E7A4F7556}") = "tl1-tp6-2025-michdeaver", "tl1-tp6-2025-michdeaver.csproj", "{FD51634B-ECD4-4C4F-9FB3-1BAC8DFBA0F7}"
EndProject
Global
	GlobalSection(SolutionConfigurationPlatforms) = preSolution
		Debug|Any CPU = Debug|Any CPU
		Release|Any CPU = Release|Any CPU
	EndGlobalSection
	GlobalSection(ProjectConfigurationPlatforms) = postSolution
		{FD51634B-ECD4-4C4F-9FB3-1BAC8DFBA0F7}.Debug|Any CPU.ActiveCfg = Debug|Any CPU
		{FD51634B-ECD4-4C4F-9FB3-1BAC8DFBA0F7}.Debug|Any CPU.Build.0 = Debug|Any CPU
		{FD51634B-ECD4-4C4F-9FB3-1BAC8DFBA0F7}.Release|Any CPU.ActiveCfg = Release|Any CPU
		{FD51634B-ECD4-4C4F-9FB3-1BAC8DFBA0F7}.Release|Any CPU.Build.0 = Release|Any CPU
	EndGlobalSection
	GlobalSection(SolutionProperties) = preSolution
		HideSolutionNode = FALSE
	EndGlobalSection
	GlobalSection(ExtensibilityGlobals) = postSolution
		SolutionGuid = {C7662D3A-C877-422A-9086-8B137076B271}
	EndGlobalSection
EndGlobal
